// !$*UTF8*$!
{
	archiveVersion = 1;
	classes = {
	};
	objectVersion = 56;
	objects = {

/* Begin PBXBuildFile section */
		7B37DAC92BE0AE4400612A7A /* IOS2_04MapSample_23App.swift in Sources */ = {isa = PBXBuildFile; fileRef = 7B37DAC82BE0AE4400612A7A /* IOS2_04MapSample_23App.swift */; };
		7B37DACB2BE0AE4400612A7A /* ContentView.swift in Sources */ = {isa = PBXBuildFile; fileRef = 7B37DACA2BE0AE4400612A7A /* ContentView.swift */; };
		7B37DACD2BE0AE4500612A7A /* Assets.xcassets in Resources */ = {isa = PBXBuildFile; fileRef = 7B37DACC2BE0AE4500612A7A /* Assets.xcassets */; };
		7B37DAD02BE0AE4500612A7A /* Preview Assets.xcassets in Resources */ = {isa = PBXBuildFile; fileRef = 7B37DACF2BE0AE4500612A7A /* Preview Assets.xcassets */; };
		7B37DADA2BE0AE4500612A7A /* IOS2_04MapSample_23Tests.swift in Sources */ = {isa = PBXBuildFile; fileRef = 7B37DAD92BE0AE4500612A7A /* IOS2_04MapSample_23Tests.swift */; };
		7B37DAE42BE0AE4500612A7A /* IOS2_04MapSample_23UITests.swift in Sources */ = {isa = PBXBuildFile; fileRef = 7B37DAE32BE0AE4500612A7A /* IOS2_04MapSample_23UITests.swift */; };
		7B37DAE62BE0AE4500612A7A /* IOS2_04MapSample_23UITestsLaunchTests.swift in Sources */ = {isa = PBXBuildFile; fileRef = 7B37DAE52BE0AE4500612A7A /* IOS2_04MapSample_23UITestsLaunchTests.swift */; };
		7B37DB2B2BE9EC8700612A7A /* LocationManager.swift in Sources */ = {isa = PBXBuildFile; fileRef = 7B37DB2A2BE9EC8700612A7A /* LocationManager.swift */; };
/* End PBXBuildFile section */

/* Begin PBXContainerItemProxy section */
		7B37DAD62BE0AE4500612A7A /* PBXContainerItemProxy */ = {
			isa = PBXContainerItemProxy;
			containerPortal = 7B37DABD2BE0AE4400612A7A /* Project object */;
			proxyType = 1;
			remoteGlobalIDString = 7B37DAC42BE0AE4400612A7A;
			remoteInfo = IOS2_04MapSample_23;
		};
		7B37DAE02BE0AE4500612A7A /* PBXContainerItemProxy */ = {
			isa = PBXContainerItemProxy;
			containerPortal = 7B37DABD2BE0AE4400612A7A /* Project object */;
			proxyType = 1;
			remoteGlobalIDString = 7B37DAC42BE0AE4400612A7A;
			remoteInfo = IOS2_04MapSample_23;
		};
/* End PBXContainerItemProxy section */

/* Begin PBXFileReference section */
		7B37DAC52BE0AE4400612A7A /* IOS2_04MapSample_23.app */ = {isa = PBXFileReference; explicitFileType = wrapper.application; includeInIndex = 0; path = IOS2_04MapSample_23.app; sourceTree = BUILT_PRODUCTS_DIR; };
		7B37DAC82BE0AE4400612A7A /* IOS2_04MapSample_23App.swift */ = {isa = PBXFileReference; lastKnownFileType = sourcecode.swift; path = IOS2_04MapSample_23App.swift; sourceTree = "<group>"; };
		7B37DACA2BE0AE4400612A7A /* ContentView.swift */ = {isa = PBXFileReference; lastKnownFileType = sourcecode.swift; path = ContentView.swift; sourceTree = "<group>"; };
		7B37DACC2BE0AE4500612A7A /* Assets.xcassets */ = {isa = PBXFileReference; lastKnownFileType = folder.assetcatalog; path = Assets.xcassets; sourceTree = "<group>"; };
		7B37DACF2BE0AE4500612A7A /* Preview Assets.xcassets */ = {isa = PBXFileReference; lastKnownFileType = folder.assetcatalog; path = "Preview Assets.xcassets"; sourceTree = "<group>"; };
		7B37DAD52BE0AE4500612A7A /* IOS2_04MapSample_23Tests.xctest */ = {isa = PBXFileReference; explicitFileType = wrapper.cfbundle; includeInIndex = 0; path = IOS2_04MapSample_23Tests.xctest; sourceTree = BUILT_PRODUCTS_DIR; };
		7B37DAD92BE0AE4500612A7A /* IOS2_04MapSample_23Tests.swift */ = {isa = PBXFileReference; lastKnownFileType = sourcecode.swift; path = IOS2_04MapSample_23Tests.swift; sourceTree = "<group>"; };
		7B37DADF2BE0AE4500612A7A /* IOS2_04MapSample_23UITests.xctest */ = {isa = PBXFileReference; explicitFileType = wrapper.cfbundle; includeInIndex = 0; path = IOS2_04MapSample_23UITests.xctest; sourceTree = BUILT_PRODUCTS_DIR; };
		7B37DAE32BE0AE4500612A7A /* IOS2_04MapSample_23UITests.swift */ = {isa = PBXFileReference; lastKnownFileType = sourcecode.swift; path = IOS2_04MapSample_23UITests.swift; sourceTree = "<group>"; };
		7B37DAE52BE0AE4500612A7A /* IOS2_04MapSample_23UITestsLaunchTests.swift */ = {isa = PBXFileReference; lastKnownFileType = sourcecode.swift; path = IOS2_04MapSample_23UITestsLaunchTests.swift; sourceTree = "<group>"; };
		7B37DB2A2BE9EC8700612A7A /* LocationManager.swift */ = {isa = PBXFileReference; lastKnownFileType = sourcecode.swift; path = LocationManager.swift; sourceTree = "<group>"; };
/* End PBXFileReference section */

/* Begin PBXFrameworksBuildPhase section */
		7B37DAC22BE0AE4400612A7A /* Frameworks */ = {
			isa = PBXFrameworksBuildPhase;
			buildActionMask = 2147483647;
			files = (
			);
			runOnlyForDeploymentPostprocessing = 0;
		};
		7B37DAD22BE0AE4500612A7A /* Frameworks */ = {
			isa = PBXFrameworksBuildPhase;
			buildActionMask = 2147483647;
			files = (
			);
			runOnlyForDeploymentPostprocessing = 0;
		};
		7B37DADC2BE0AE4500612A7A /* Frameworks */ = {
			isa = PBXFrameworksBuildPhase;
			buildActionMask = 2147483647;
			files = (
			);
			runOnlyForDeploymentPostprocessing = 0;
		};
/* End PBXFrameworksBuildPhase section */

/* Begin PBXGroup section */
		7B37DABC2BE0AE4400612A7A = {
			isa = PBXGroup;
			children = (
				7B37DAC72BE0AE4400612A7A /* IOS2_04MapSample_23 */,
				7B37DAD82BE0AE4500612A7A /* IOS2_04MapSample_23Tests */,
				7B37DAE22BE0AE4500612A7A /* IOS2_04MapSample_23UITests */,
				7B37DAC62BE0AE4400612A7A /* Products */,
			);
			sourceTree = "<group>";
		};
		7B37DAC62BE0AE4400612A7A /* Products */ = {
			isa = PBXGroup;
			children = (
				7B37DAC52BE0AE4400612A7A /* IOS2_04MapSample_23.app */,
				7B37DAD52BE0AE4500612A7A /* IOS2_04MapSample_23Tests.xctest */,
				7B37DADF2BE0AE4500612A7A /* IOS2_04MapSample_23UITests.xctest */,
			);
			name = Products;
			sourceTree = "<group>";
		};
		7B37DAC72BE0AE4400612A7A /* IOS2_04MapSample_23 */ = {
			isa = PBXGroup;
			children = (
				7B37DAC82BE0AE4400612A7A /* IOS2_04MapSample_23App.swift */,
				7B37DACA2BE0AE4400612A7A /* ContentView.swift */,
				7B37DB2A2BE9EC8700612A7A /* LocationManager.swift */,
				7B37DACC2BE0AE4500612A7A /* Assets.xcassets */,
				7B37DACE2BE0AE4500612A7A /* Preview Content */,
			);
			path = IOS2_04MapSample_23;
			sourceTree = "<group>";
		};
		7B37DACE2BE0AE4500612A7A /* Preview Content */ = {
			isa = PBXGroup;
			children = (
				7B37DACF2BE0AE4500612A7A /* Preview Assets.xcassets */,
			);
			path = "Preview Content";
			sourceTree = "<group>";
		};
		7B37DAD82BE0AE4500612A7A /* IOS2_04MapSample_23Tests */ = {
			isa = PBXGroup;
			children = (
				7B37DAD92BE0AE4500612A7A /* IOS2_04MapSample_23Tests.swift */,
			);
			path = IOS2_04MapSample_23Tests;
			sourceTree = "<group>";
		};
		7B37DAE22BE0AE4500612A7A /* IOS2_04MapSample_23UITests */ = {
			isa = PBXGroup;
			children = (
				7B37DAE32BE0AE4500612A7A /* IOS2_04MapSample_23UITests.swift */,
				7B37DAE52BE0AE4500612A7A /* IOS2_04MapSample_23UITestsLaunchTests.swift */,
			);
			path = IOS2_04MapSample_23UITests;
			sourceTree = "<group>";
		};
/* End PBXGroup section */

/* Begin PBXNativeTarget section */
		7B37DAC42BE0AE4400612A7A /* IOS2_04MapSample_23 */ = {
			isa = PBXNativeTarget;
			buildConfigurationList = 7B37DAE92BE0AE4500612A7A /* Build configuration list for PBXNativeTarget "IOS2_04MapSample_23" */;
			buildPhases = (
				7B37DAC12BE0AE4400612A7A /* Sources */,
				7B37DAC22BE0AE4400612A7A /* Frameworks */,
				7B37DAC32BE0AE4400612A7A /* Resources */,
			);
			buildRules = (
			);
			dependencies = (
			);
			name = IOS2_04MapSample_23;
			productName = IOS2_04MapSample_23;
			productReference = 7B37DAC52BE0AE4400612A7A /* IOS2_04MapSample_23.app */;
			productType = "com.apple.product-type.application";
		};
		7B37DAD42BE0AE4500612A7A /* IOS2_04MapSample_23Tests */ = {
			isa = PBXNativeTarget;
			buildConfigurationList = 7B37DAEC2BE0AE4500612A7A /* Build configuration list for PBXNativeTarget "IOS2_04MapSample_23Tests" */;
			buildPhases = (
				7B37DAD12BE0AE4500612A7A /* Sources */,
				7B37DAD22BE0AE4500612A7A /* Frameworks */,
				7B37DAD32BE0AE4500612A7A /* Resources */,
			);
			buildRules = (
			);
			dependencies = (
				7B37DAD72BE0AE4500612A7A /* PBXTargetDependency */,
			);
			name = IOS2_04MapSample_23Tests;
			productName = IOS2_04MapSample_23Tests;
			productReference = 7B37DAD52BE0AE4500612A7A /* IOS2_04MapSample_23Tests.xctest */;
			productType = "com.apple.product-type.bundle.unit-test";
		};
		7B37DADE2BE0AE4500612A7A /* IOS2_04MapSample_23UITests */ = {
			isa = PBXNativeTarget;
			buildConfigurationList = 7B37DAEF2BE0AE4500612A7A /* Build configuration list for PBXNativeTarget "IOS2_04MapSample_23UITests" */;
			buildPhases = (
				7B37DADB2BE0AE4500612A7A /* Sources */,
				7B37DADC2BE0AE4500612A7A /* Frameworks */,
				7B37DADD2BE0AE4500612A7A /* Resources */,
			);
			buildRules = (
			);
			dependencies = (
				7B37DAE12BE0AE4500612A7A /* PBXTargetDependency */,
			);
			name = IOS2_04MapSample_23UITests;
			productName = IOS2_04MapSample_23UITests;
			productReference = 7B37DADF2BE0AE4500612A7A /* IOS2_04MapSample_23UITests.xctest */;
			productType = "com.apple.product-type.bundle.ui-testing";
		};
/* End PBXNativeTarget section */

/* Begin PBXProject section */
		7B37DABD2BE0AE4400612A7A /* Project object */ = {
			isa = PBXProject;
			attributes = {
				BuildIndependentTargetsInParallel = 1;
				LastSwiftUpdateCheck = 1530;
				LastUpgradeCheck = 1530;
				TargetAttributes = {
					7B37DAC42BE0AE4400612A7A = {
						CreatedOnToolsVersion = 15.3;
					};
					7B37DAD42BE0AE4500612A7A = {
						CreatedOnToolsVersion = 15.3;
						TestTargetID = 7B37DAC42BE0AE4400612A7A;
					};
					7B37DADE2BE0AE4500612A7A = {
						CreatedOnToolsVersion = 15.3;
						TestTargetID = 7B37DAC42BE0AE4400612A7A;
					};
				};
			};
			buildConfigurationList = 7B37DAC02BE0AE4400612A7A /* Build configuration list for PBXProject "IOS2_04MapSample_23" */;
			compatibilityVersion = "Xcode 14.0";
			developmentRegion = en;
			hasScannedForEncodings = 0;
			knownRegions = (
				en,
				Base,
			);
			mainGroup = 7B37DABC2BE0AE4400612A7A;
			productRefGroup = 7B37DAC62BE0AE4400612A7A /* Products */;
			projectDirPath = "";
			projectRoot = "";
			targets = (
				7B37DAC42BE0AE4400612A7A /* IOS2_04MapSample_23 */,
				7B37DAD42BE0AE4500612A7A /* IOS2_04MapSample_23Tests */,
				7B37DADE2BE0AE4500612A7A /* IOS2_04MapSample_23UITests */,
			);
		};
/* End PBXProject section */

/* Begin PBXResourcesBuildPhase section */
		7B37DAC32BE0AE4400612A7A /* Resources */ = {
			isa = PBXResourcesBuildPhase;
			buildActionMask = 2147483647;
			files = (
				7B37DAD02BE0AE4500612A7A /* Preview Assets.xcassets in Resources */,
				7B37DACD2BE0AE4500612A7A /* Assets.xcassets in Resources */,
			);
			runOnlyForDeploymentPostprocessing = 0;
		};
		7B37DAD32BE0AE4500612A7A /* Resources */ = {
			isa = PBXResourcesBuildPhase;
			buildActionMask = 2147483647;
			files = (
			);
			runOnlyForDeploymentPostprocessing = 0;
		};
		7B37DADD2BE0AE4500612A7A /* Resources */ = {
			isa = PBXResourcesBuildPhase;
			buildActionMask = 2147483647;
			files = (
			);
			runOnlyForDeploymentPostprocessing = 0;
		};
/* End PBXResourcesBuildPhase section */

/* Begin PBXSourcesBuildPhase section */
		7B37DAC12BE0AE4400612A7A /* Sources */ = {
			isa = PBXSourcesBuildPhase;
			buildActionMask = 2147483647;
			files = (
				7B37DACB2BE0AE4400612A7A /* ContentView.swift in Sources */,
				7B37DAC92BE0AE4400612A7A /* IOS2_04MapSample_23App.swift in Sources */,
				7B37DB2B2BE9EC8700612A7A /* LocationManager.swift in Sources */,
			);
			runOnlyForDeploymentPostprocessing = 0;
		};
		7B37DAD12BE0AE4500612A7A /* Sources */ = {
			isa = PBXSourcesBuildPhase;
			buildActionMask = 2147483647;
			files = (
				7B37DADA2BE0AE4500612A7A /* IOS2_04MapSample_23Tests.swift in Sources */,
			);
			runOnlyForDeploymentPostprocessing = 0;
		};
		7B37DADB2BE0AE4500612A7A /* Sources */ = {
			isa = PBXSourcesBuildPhase;
			buildActionMask = 2147483647;
			files = (
				7B37DAE42BE0AE4500612A7A /* IOS2_04MapSample_23UITests.swift in Sources */,
				7B37DAE62BE0AE4500612A7A /* IOS2_04MapSample_23UITestsLaunchTests.swift in Sources */,
			);
			runOnlyForDeploymentPostprocessing = 0;
		};
/* End PBXSourcesBuildPhase section */

/* Begin PBXTargetDependency section */
		7B37DAD72BE0AE4500612A7A /* PBXTargetDependency */ = {
			isa = PBXTargetDependency;
			target = 7B37DAC42BE0AE4400612A7A /* IOS2_04MapSample_23 */;
			targetProxy = 7B37DAD62BE0AE4500612A7A /* PBXContainerItemProxy */;
		};
		7B37DAE12BE0AE4500612A7A /* PBXTargetDependency */ = {
			isa = PBXTargetDependency;
			target = 7B37DAC42BE0AE4400612A7A /* IOS2_04MapSample_23 */;
			targetProxy = 7B37DAE02BE0AE4500612A7A /* PBXContainerItemProxy */;
		};
/* End PBXTargetDependency section */

/* Begin XCBuildConfiguration section */
		7B37DAE72BE0AE4500612A7A /* Debug */ = {
			isa = XCBuildConfiguration;
			buildSettings = {
				ALWAYS_SEARCH_USER_PATHS = NO;
				ASSETCATALOG_COMPILER_GENERATE_SWIFT_ASSET_SYMBOL_EXTENSIONS = YES;
				CLANG_ANALYZER_NONNULL = YES;
				CLANG_ANALYZER_NUMBER_OBJECT_CONVERSION = YES_AGGRESSIVE;
				CLANG_CXX_LANGUAGE_STANDARD = "gnu++20";
				CLANG_ENABLE_MODULES = YES;
				CLANG_ENABLE_OBJC_ARC = YES;
				CLANG_ENABLE_OBJC_WEAK = YES;
				CLANG_WARN_BLOCK_CAPTURE_AUTORELEASING = YES;
				CLANG_WARN_BOOL_CONVERSION = YES;
				CLANG_WARN_COMMA = YES;
				CLANG_WARN_CONSTANT_CONVERSION = YES;
				CLANG_WARN_DEPRECATED_OBJC_IMPLEMENTATIONS = YES;
				CLANG_WARN_DIRECT_OBJC_ISA_USAGE = YES_ERROR;
				CLANG_WARN_DOCUMENTATION_COMMENTS = YES;
				CLANG_WARN_EMPTY_BODY = YES;
				CLANG_WARN_ENUM_CONVERSION = YES;
				CLANG_WARN_INFINITE_RECURSION = YES;
				CLANG_WARN_INT_CONVERSION = YES;
				CLANG_WARN_NON_LITERAL_NULL_CONVERSION = YES;
				CLANG_WARN_OBJC_IMPLICIT_RETAIN_SELF = YES;
				CLANG_WARN_OBJC_LITERAL_CONVERSION = YES;
				CLANG_WARN_OBJC_ROOT_CLASS = YES_ERROR;
				CLANG_WARN_QUOTED_INCLUDE_IN_FRAMEWORK_HEADER = YES;
				CLANG_WARN_RANGE_LOOP_ANALYSIS = YES;
				CLANG_WARN_STRICT_PROTOTYPES = YES;
				CLANG_WARN_SUSPICIOUS_MOVE = YES;
				CLANG_WARN_UNGUARDED_AVAILABILITY = YES_AGGRESSIVE;
				CLANG_WARN_UNREACHABLE_CODE = YES;
				CLANG_WARN__DUPLICATE_METHOD_MATCH = YES;
				COPY_PHASE_STRIP = NO;
				DEBUG_INFORMATION_FORMAT = dwarf;
				ENABLE_STRICT_OBJC_MSGSEND = YES;
				ENABLE_TESTABILITY = YES;
				ENABLE_USER_SCRIPT_SANDBOXING = YES;
				GCC_C_LANGUAGE_STANDARD = gnu17;
				GCC_DYNAMIC_NO_PIC = NO;
				GCC_NO_COMMON_BLOCKS = YES;
				GCC_OPTIMIZATION_LEVEL = 0;
				GCC_PREPROCESSOR_DEFINITIONS = (
					"DEBUG=1",
					"$(inherited)",
				);
				GCC_WARN_64_TO_32_BIT_CONVERSION = YES;
				GCC_WARN_ABOUT_RETURN_TYPE = YES_ERROR;
				GCC_WARN_UNDECLARED_SELECTOR = YES;
				GCC_WARN_UNINITIALIZED_AUTOS = YES_AGGRESSIVE;
				GCC_WARN_UNUSED_FUNCTION = YES;
				GCC_WARN_UNUSED_VARIABLE = YES;
				IPHONEOS_DEPLOYMENT_TARGET = 17.4;
				LOCALIZATION_PREFERS_STRING_CATALOGS = YES;
				MTL_ENABLE_DEBUG_INFO = INCLUDE_SOURCE;
				MTL_FAST_MATH = YES;
				ONLY_ACTIVE_ARCH = YES;
				SDKROOT = iphoneos;
				SWIFT_ACTIVE_COMPILATION_CONDITIONS = "DEBUG $(inherited)";
				SWIFT_OPTIMIZATION_LEVEL = "-Onone";
			};
			name = Debug;
		};
		7B37DAE82BE0AE4500612A7A /* Release */ = {
			isa = XCBuildConfiguration;
			buildSettings = {
				ALWAYS_SEARCH_USER_PATHS = NO;
				ASSETCATALOG_COMPILER_GENERATE_SWIFT_ASSET_SYMBOL_EXTENSIONS = YES;
				CLANG_ANALYZER_NONNULL = YES;
				CLANG_ANALYZER_NUMBER_OBJECT_CONVERSION = YES_AGGRESSIVE;
				CLANG_CXX_LANGUAGE_STANDARD = "gnu++20";
				CLANG_ENABLE_MODULES = YES;
				CLANG_ENABLE_OBJC_ARC = YES;
				CLANG_ENABLE_OBJC_WEAK = YES;
				CLANG_WARN_BLOCK_CAPTURE_AUTORELEASING = YES;
				CLANG_WARN_BOOL_CONVERSION = YES;
				CLANG_WARN_COMMA = YES;
				CLANG_WARN_CONSTANT_CONVERSION = YES;
				CLANG_WARN_DEPRECATED_OBJC_IMPLEMENTATIONS = YES;
				CLANG_WARN_DIRECT_OBJC_ISA_USAGE = YES_ERROR;
				CLANG_WARN_DOCUMENTATION_COMMENTS = YES;
				CLANG_WARN_EMPTY_BODY = YES;
				CLANG_WARN_ENUM_CONVERSION = YES;
				CLANG_WARN_INFINITE_RECURSION = YES;
				CLANG_WARN_INT_CONVERSION = YES;
				CLANG_WARN_NON_LITERAL_NULL_CONVERSION = YES;
				CLANG_WARN_OBJC_IMPLICIT_RETAIN_SELF = YES;
				CLANG_WARN_OBJC_LITERAL_CONVERSION = YES;
				CLANG_WARN_OBJC_ROOT_CLASS = YES_ERROR;
				CLANG_WARN_QUOTED_INCLUDE_IN_FRAMEWORK_HEADER = YES;
				CLANG_WARN_RANGE_LOOP_ANALYSIS = YES;
				CLANG_WARN_STRICT_PROTOTYPES = YES;
				CLANG_WARN_SUSPICIOUS_MOVE = YES;
				CLANG_WARN_UNGUARDED_AVAILABILITY = YES_AGGRESSIVE;
				CLANG_WARN_UNREACHABLE_CODE = YES;
				CLANG_WARN__DUPLICATE_METHOD_MATCH = YES;
				COPY_PHASE_STRIP = NO;
				DEBUG_INFORMATION_FORMAT = "dwarf-with-dsym";
				ENABLE_NS_ASSERTIONS = NO;
				ENABLE_STRICT_OBJC_MSGSEND = YES;
				ENABLE_USER_SCRIPT_SANDBOXING = YES;
				GCC_C_LANGUAGE_STANDARD = gnu17;
				GCC_NO_COMMON_BLOCKS = YES;
				GCC_WARN_64_TO_32_BIT_CONVERSION = YES;
				GCC_WARN_ABOUT_RETURN_TYPE = YES_ERROR;
				GCC_WARN_UNDECLARED_SELECTOR = YES;
				GCC_WARN_UNINITIALIZED_AUTOS = YES_AGGRESSIVE;
				GCC_WARN_UNUSED_FUNCTION = YES;
				GCC_WARN_UNUSED_VARIABLE = YES;
				IPHONEOS_DEPLOYMENT_TARGET = 17.4;
				LOCALIZATION_PREFERS_STRING_CATALOGS = YES;
				MTL_ENABLE_DEBUG_INFO = NO;
				MTL_FAST_MATH = YES;
				SDKROOT = iphoneos;
				SWIFT_COMPILATION_MODE = wholemodule;
				VALIDATE_PRODUCT = YES;
			};
			name = Release;
		};
		7B37DAEA2BE0AE4500612A7A /* Debug */ = {
			isa = XCBuildConfiguration;
			buildSettings = {
				ASSETCATALOG_COMPILER_APPICON_NAME = AppIcon;
				ASSETCATALOG_COMPILER_GLOBAL_ACCENT_COLOR_NAME = AccentColor;
				CODE_SIGN_STYLE = Automatic;
				CURRENT_PROJECT_VERSION = 1;
				DEVELOPMENT_ASSET_PATHS = "\"IOS2_04MapSample_23/Preview Content\"";
				DEVELOPMENT_TEAM = 3LBJMXTAZ4;
				ENABLE_PREVIEWS = YES;
				GENERATE_INFOPLIST_FILE = YES;
				INFOPLIST_KEY_NSLocationWhenInUseUsageDescription = "現在地を表示するために使います";
				INFOPLIST_KEY_UIApplicationSceneManifest_Generation = YES;
				INFOPLIST_KEY_UIApplicationSupportsIndirectInputEvents = YES;
				INFOPLIST_KEY_UILaunchScreen_Generation = YES;
				INFOPLIST_KEY_UISupportedInterfaceOrientations_iPad = "UIInterfaceOrientationPortrait UIInterfaceOrientationPortraitUpsideDown UIInterfaceOrientationLandscapeLeft UIInterfaceOrientationLandscapeRight";
				INFOPLIST_KEY_UISupportedInterfaceOrientations_iPhone = "UIInterfaceOrientationPortrait UIInterfaceOrientationLandscapeLeft UIInterfaceOrientationLandscapeRight";
				IPHONEOS_DEPLOYMENT_TARGET = 17.1;
				LD_RUNPATH_SEARCH_PATHS = (
					"$(inherited)",
					"@executable_path/Frameworks",
				);
				MARKETING_VERSION = 1.0;
				PRODUCT_BUNDLE_IDENTIFIER = "jp.ac.jec.cm2301.IOS2-04MapSample-23";
				PRODUCT_NAME = "$(TARGET_NAME)";
				SWIFT_EMIT_LOC_STRINGS = YES;
				SWIFT_VERSION = 5.0;
				TARGETED_DEVICE_FAMILY = "1,2";
			};
			name = Debug;
		};
		7B37DAEB2BE0AE4500612A7A /* Release */ = {
			isa = XCBuildConfiguration;
			buildSettings = {
				ASSETCATALOG_COMPILER_APPICON_NAME = AppIcon;
				ASSETCATALOG_COMPILER_GLOBAL_ACCENT_COLOR_NAME = AccentColor;
				CODE_SIGN_STYLE = Automatic;
				CURRENT_PROJECT_VERSION = 1;
				DEVELOPMENT_ASSET_PATHS = "\"IOS2_04MapSample_23/Preview Content\"";
				DEVELOPMENT_TEAM = 3LBJMXTAZ4;
				ENABLE_PREVIEWS = YES;
				GENERATE_INFOPLIST_FILE = YES;
				INFOPLIST_KEY_NSLocationWhenInUseUsageDescription = "現在地を表示するために使います";
				INFOPLIST_KEY_UIApplicationSceneManifest_Generation = YES;
				INFOPLIST_KEY_UIApplicationSupportsIndirectInputEvents = YES;
				INFOPLIST_KEY_UILaunchScreen_Generation = YES;
				INFOPLIST_KEY_UISupportedInterfaceOrientations_iPad = "UIInterfaceOrientationPortrait UIInterfaceOrientationPortraitUpsideDown UIInterfaceOrientationLandscapeLeft UIInterfaceOrientationLandscapeRight";
				INFOPLIST_KEY_UISupportedInterfaceOrientations_iPhone = "UIInterfaceOrientationPortrait UIInterfaceOrientationLandscapeLeft UIInterfaceOrientationLandscapeRight";
				IPHONEOS_DEPLOYMENT_TARGET = 17.1;
				LD_RUNPATH_SEARCH_PATHS = (
					"$(inherited)",
					"@executable_path/Frameworks",
				);
				MARKETING_VERSION = 1.0;
				PRODUCT_BUNDLE_IDENTIFIER = "jp.ac.jec.cm2301.IOS2-04MapSample-23";
				PRODUCT_NAME = "$(TARGET_NAME)";
				SWIFT_EMIT_LOC_STRINGS = YES;
				SWIFT_VERSION = 5.0;
				TARGETED_DEVICE_FAMILY = "1,2";
			};
			name = Release;
		};
		7B37DAED2BE0AE4500612A7A /* Debug */ = {
			isa = XCBuildConfiguration;
			buildSettings = {
				ALWAYS_EMBED_SWIFT_STANDARD_LIBRARIES = YES;
				BUNDLE_LOADER = "$(TEST_HOST)";
				CODE_SIGN_STYLE = Automatic;
				CURRENT_PROJECT_VERSION = 1;
				DEVELOPMENT_TEAM = 3LBJMXTAZ4;
				GENERATE_INFOPLIST_FILE = YES;
				IPHONEOS_DEPLOYMENT_TARGET = 17.4;
				MARKETING_VERSION = 1.0;
				PRODUCT_BUNDLE_IDENTIFIER = "jp.ac.jec.cm2301.IOS2-04MapSample-23Tests";
				PRODUCT_NAME = "$(TARGET_NAME)";
				SWIFT_EMIT_LOC_STRINGS = NO;
				SWIFT_VERSION = 5.0;
				TARGETED_DEVICE_FAMILY = "1,2";
				TEST_HOST = "$(BUILT_PRODUCTS_DIR)/IOS2_04MapSample_23.app/$(BUNDLE_EXECUTABLE_FOLDER_PATH)/IOS2_04MapSample_23";
			};
			name = Debug;
		};
		7B37DAEE2BE0AE4500612A7A /* Release */ = {
			isa = XCBuildConfiguration;
			buildSettings = {
				ALWAYS_EMBED_SWIFT_STANDARD_LIBRARIES = YES;
				BUNDLE_LOADER = "$(TEST_HOST)";
				CODE_SIGN_STYLE = Automatic;
				CURRENT_PROJECT_VERSION = 1;
				DEVELOPMENT_TEAM = 3LBJMXTAZ4;
				GENERATE_INFOPLIST_FILE = YES;
				IPHONEOS_DEPLOYMENT_TARGET = 17.4;
				MARKETING_VERSION = 1.0;
				PRODUCT_BUNDLE_IDENTIFIER = "jp.ac.jec.cm2301.IOS2-04MapSample-23Tests";
				PRODUCT_NAME = "$(TARGET_NAME)";
				SWIFT_EMIT_LOC_STRINGS = NO;
				SWIFT_VERSION = 5.0;
				TARGETED_DEVICE_FAMILY = "1,2";
				TEST_HOST = "$(BUILT_PRODUCTS_DIR)/IOS2_04MapSample_23.app/$(BUNDLE_EXECUTABLE_FOLDER_PATH)/IOS2_04MapSample_23";
			};
			name = Release;
		};
		7B37DAF02BE0AE4500612A7A /* Debug */ = {
			isa = XCBuildConfiguration;
			buildSettings = {
				ALWAYS_EMBED_SWIFT_STANDARD_LIBRARIES = YES;
				CODE_SIGN_STYLE = Automatic;
				CURRENT_PROJECT_VERSION = 1;
				DEVELOPMENT_TEAM = 3LBJMXTAZ4;
				GENERATE_INFOPLIST_FILE = YES;
				MARKETING_VERSION = 1.0;
				PRODUCT_BUNDLE_IDENTIFIER = "jp.ac.jec.cm2301.IOS2-04MapSample-23UITests";
				PRODUCT_NAME = "$(TARGET_NAME)";
				SWIFT_EMIT_LOC_STRINGS = NO;
				SWIFT_VERSION = 5.0;
				TARGETED_DEVICE_FAMILY = "1,2";
				TEST_TARGET_NAME = IOS2_04MapSample_23;
			};
			name = Debug;
		};
		7B37DAF12BE0AE4500612A7A /* Release */ = {
			isa = XCBuildConfiguration;
			buildSettings = {
				ALWAYS_EMBED_SWIFT_STANDARD_LIBRARIES = YES;
				CODE_SIGN_STYLE = Automatic;
				CURRENT_PROJECT_VERSION = 1;
				DEVELOPMENT_TEAM = 3LBJMXTAZ4;
				GENERATE_INFOPLIST_FILE = YES;
				MARKETING_VERSION = 1.0;
				PRODUCT_BUNDLE_IDENTIFIER = "jp.ac.jec.cm2301.IOS2-04MapSample-23UITests";
				PRODUCT_NAME = "$(TARGET_NAME)";
				SWIFT_EMIT_LOC_STRINGS = NO;
				SWIFT_VERSION = 5.0;
				TARGETED_DEVICE_FAMILY = "1,2";
				TEST_TARGET_NAME = IOS2_04MapSample_23;
			};
			name = Release;
		};
/* End XCBuildConfiguration section */

/* Begin XCConfigurationList section */
		7B37DAC02BE0AE4400612A7A /* Build configuration list for PBXProject "IOS2_04MapSample_23" */ = {
			isa = XCConfigurationList;
			buildConfigurations = (
				7B37DAE72BE0AE4500612A7A /* Debug */,
				7B37DAE82BE0AE4500612A7A /* Release */,
			);
			defaultConfigurationIsVisible = 0;
			defaultConfigurationName = Release;
		};
		7B37DAE92BE0AE4500612A7A /* Build configuration list for PBXNativeTarget "IOS2_04MapSample_23" */ = {
			isa = XCConfigurationList;
			buildConfigurations = (
				7B37DAEA2BE0AE4500612A7A /* Debug */,
				7B37DAEB2BE0AE4500612A7A /* Release */,
			);
			defaultConfigurationIsVisible = 0;
			defaultConfigurationName = Release;
		};
		7B37DAEC2BE0AE4500612A7A /* Build configuration list for PBXNativeTarget "IOS2_04MapSample_23Tests" */ = {
			isa = XCConfigurationList;
			buildConfigurations = (
				7B37DAED2BE0AE4500612A7A /* Debug */,
				7B37DAEE2BE0AE4500612A7A /* Release */,
			);
			defaultConfigurationIsVisible = 0;
			defaultConfigurationName = Release;
		};
		7B37DAEF2BE0AE4500612A7A /* Build configuration list for PBXNativeTarget "IOS2_04MapSample_23UITests" */ = {
			isa = XCConfigurationList;
			buildConfigurations = (
				7B37DAF02BE0AE4500612A7A /* Debug */,
				7B37DAF12BE0AE4500612A7A /* Release */,
			);
			defaultConfigurationIsVisible = 0;
			defaultConfigurationName = Release;
		};
/* End XCConfigurationList section */
	};
	rootObject = 7B37DABD2BE0AE4400612A7A /* Project object */;
}
